
Microsoft Visual Studio Solution File, Format Version 12.00
# Visual Studio 15
VisualStudioVersion = 15.0.28307.960
MinimumVisualStudioVersion = 10.0.40219.1
Project("{FAE04EC0-301F-11D3-BF4B-00C04F79EFBC}") = "TransactionFeeCalculator", "TransactionFeeCalculator\TransactionFeeCalculator.csproj", "{236C4010-AB08-420C-BD1F-B918372AE06B}"
EndProject
Global
	GlobalSection(SolutionConfigurationPlatforms) = preSolution
		Debug|Any CPU = Debug|Any CPU
		Release|Any CPU = Release|Any CPU
	EndGlobalSection
	GlobalSection(ProjectConfigurationPlatforms) = postSolution
		{236C4010-AB08-420C-BD1F-B918372AE06B}.Debug|Any CPU.ActiveCfg = Debug|Any CPU
		{236C4010-AB08-420C-BD1F-B918372AE06B}.Debug|Any CPU.Build.0 = Debug|Any CPU
		{236C4010-AB08-420C-BD1F-B918372AE06B}.Release|Any CPU.ActiveCfg = Release|Any CPU
		{236C4010-AB08-420C-BD1F-B918372AE06B}.Release|Any CPU.Build.0 = Release|Any CPU
	EndGlobalSection
	GlobalSection(SolutionProperties) = preSolution
		HideSolutionNode = FALSE
	EndGlobalSection
	GlobalSection(ExtensibilityGlobals) = postSolution
		SolutionGuid = {13260752-8BB2-4E7D-8109-B3BE13BFCBC0}
	EndGlobalSection
EndGlobal
